
Microsoft Visual Studio Solution File, Format Version 12.00
# Visual Studio Version 17
VisualStudioVersion = 17.7.34221.43
MinimumVisualStudioVersion = 10.0.40219.1
Project("{FAE04EC0-301F-11D3-BF4B-00C04F79EFBC}") = "EXE201_Tutor_Web", "EXE201_Tutor_Web\EXE201_Tutor_Web.csproj", "{8967DB5A-8561-43FA-A07C-F4F8C4F0986B}"
EndProject
Global
	GlobalSection(SolutionConfigurationPlatforms) = preSolution
		Debug|Any CPU = Debug|Any CPU
		Release|Any CPU = Release|Any CPU
	EndGlobalSection
	GlobalSection(ProjectConfigurationPlatforms) = postSolution
		{8967DB5A-8561-43FA-A07C-F4F8C4F0986B}.Debug|Any CPU.ActiveCfg = Debug|Any CPU
		{8967DB5A-8561-43FA-A07C-F4F8C4F0986B}.Debug|Any CPU.Build.0 = Debug|Any CPU
		{8967DB5A-8561-43FA-A07C-F4F8C4F0986B}.Release|Any CPU.ActiveCfg = Release|Any CPU
		{8967DB5A-8561-43FA-A07C-F4F8C4F0986B}.Release|Any CPU.Build.0 = Release|Any CPU
	EndGlobalSection
	GlobalSection(SolutionProperties) = preSolution
		HideSolutionNode = FALSE
	EndGlobalSection
	GlobalSection(ExtensibilityGlobals) = postSolution
		SolutionGuid = {E96869F2-EF98-428D-807C-3AFEF1AD2A91}
	EndGlobalSection
EndGlobal
